
Microsoft Visual Studio Solution File, Format Version 12.00
# Visual Studio Version 17
VisualStudioVersion = 17.4.33110.190
MinimumVisualStudioVersion = 10.0.40219.1
Project("{FAE04EC0-301F-11D3-BF4B-00C04F79EFBC}") = "Versao_Ex_02", "Versao_Ex_01\Versao_Ex_02.csproj", "{D6877E6C-7D13-4917-828E-CA75CC78112E}"
EndProject
Global
	GlobalSection(SolutionConfigurationPlatforms) = preSolution
		Debug|Any CPU = Debug|Any CPU
		Release|Any CPU = Release|Any CPU
	EndGlobalSection
	GlobalSection(ProjectConfigurationPlatforms) = postSolution
		{D6877E6C-7D13-4917-828E-CA75CC78112E}.Debug|Any CPU.ActiveCfg = Debug|Any CPU
		{D6877E6C-7D13-4917-828E-CA75CC78112E}.Debug|Any CPU.Build.0 = Debug|Any CPU
		{D6877E6C-7D13-4917-828E-CA75CC78112E}.Release|Any CPU.ActiveCfg = Release|Any CPU
		{D6877E6C-7D13-4917-828E-CA75CC78112E}.Release|Any CPU.Build.0 = Release|Any CPU
	EndGlobalSection
	GlobalSection(SolutionProperties) = preSolution
		HideSolutionNode = FALSE
	EndGlobalSection
	GlobalSection(ExtensibilityGlobals) = postSolution
		SolutionGuid = {2D617B11-1A25-4099-B477-A0AFD6703274}
	EndGlobalSection
EndGlobal
